<Solution>
    <Project Path="Katie.Core/Katie.Core.csproj" />
    <Folder Name="/UI/">
        <Project Path="Katie.UI/Katie.UI.csproj" />
        <Project Path="Katie.UI.Browser/Katie.UI.Browser.csproj" />
        <Project Path="Katie.UI.Desktop/Katie.UI.Desktop.csproj" />
    </Folder>
</Solution>
