<Solution>
    <Folder Name="/UI/">
        <Project Path="Katie.UI.Browser/Katie.UI.Browser.csproj" />
        <Project Path="Katie.UI.Desktop/Katie.UI.Desktop.csproj" />
        <Project Path="Katie.UI/Katie.UI.csproj" />
    </Folder>
    <Project Path="Katie.Core/Katie.Core.csproj" />
    <Project Path="Katie.NAudio/Katie.NAudio.csproj" />
    <Project Path="Katie.SecretLab/Katie.SecretLab.csproj" />
</Solution>